
Microsoft Visual Studio Solution File, Format Version 12.00
# Visual Studio 2012
Project("{FAE04EC0-301F-11D3-BF4B-00C04F79EFBC}") = "P1", "P1\P1.csproj", "{88AC21F7-C686-4AEC-8877-FDB92CF921BC}"
EndProject
Global
	GlobalSection(SolutionConfigurationPlatforms) = preSolution
		Debug|Any CPU = Debug|Any CPU
		Release|Any CPU = Release|Any CPU
	EndGlobalSection
	GlobalSection(ProjectConfigurationPlatforms) = postSolution
		{88AC21F7-C686-4AEC-8877-FDB92CF921BC}.Debug|Any CPU.ActiveCfg = Debug|Any CPU
		{88AC21F7-C686-4AEC-8877-FDB92CF921BC}.Debug|Any CPU.Build.0 = Debug|Any CPU
		{88AC21F7-C686-4AEC-8877-FDB92CF921BC}.Release|Any CPU.ActiveCfg = Release|Any CPU
		{88AC21F7-C686-4AEC-8877-FDB92CF921BC}.Release|Any CPU.Build.0 = Release|Any CPU
	EndGlobalSection
	GlobalSection(SolutionProperties) = preSolution
		HideSolutionNode = FALSE
	EndGlobalSection
EndGlobal
